# This file is automatically @generated by Cargo.
# It is not intended for manual editing.
version = 4

[[package]]
name = "ordinary"
version = "0.0.0"
dependencies = [
 "syntax-2018",
 "syntax-2021",
 "syntax-2024",
]

[[package]]
name = "syntax-2018"
version = "0.0.0"

[[package]]
name = "syntax-2021"
version = "0.0.0"

[[package]]
name = "syntax-2024"
version = "0.0.0"
